<?xml version="1.0" encoding="UTF-8" standalone="yes" ?>
<CodeBlocks_project_file>
	<FileVersion major="1" minor="6" />
	<Project>
		<Option title="Asteroids" />
		<Option pch_mode="2" />
		<Option compiler="gcc" />
		<Build>
			<Target title="Debug">
				<Option output="bin/Debug/Asteroids" prefix_auto="1" extension_auto="1" />
				<Option object_output="obj/Debug/" />
				<Option type="1" />
				<Option compiler="gcc" />
				<Compiler>
					<Add option="-g" />
					<Add directory="include" />
				</Compiler>
			</Target>
			<Target title="Release">
				<Option output="bin/Release/Asteroids" prefix_auto="1" extension_auto="1" />
				<Option object_output="obj/Release/" />
				<Option type="0" />
				<Option compiler="gcc" />
				<Compiler>
					<Add option="-O2" />
					<Add directory="include" />
				</Compiler>
				<Linker>
					<Add option="-s" />
				</Linker>
			</Target>
		</Build>
		<Compiler>
			<Add option="-std=c++11" />
			<Add option="-Wall" />
			<Add directory="include" />
			<Add directory="lib/SDL2-i686-w64-mingw32/include/SDL2" />
			<Add directory="lib/SDL2_image-i686-w64-mingw32/include/SDL2" />
			<Add directory="lib/FMOD/inc" />
		</Compiler>
		<Linker>
			<Add library="mingw32" />
			<Add library="SDL2main" />
			<Add library="SDL2" />
			<Add library="SDL2_image" />
			<Add library="fmod" />
			<Add directory="lib/SDL2-i686-w64-mingw32/lib" />
			<Add directory="lib/SDL2_image-i686-w64-mingw32/lib" />
			<Add directory="lib/FMOD/lib" />
		</Linker>
		<Unit filename="cb.bmp" />
		<Unit filename="include/animation_sequence.h" />
		<Unit filename="include/animations_pool.h" />
		<Unit filename="include/application.h" />
		<Unit filename="include/asteroid.h" />
		<Unit filename="include/bitmapfont.h" />
		<Unit filename="include/bullet.h" />
		<Unit filename="include/collision_info.h" />
		<Unit filename="include/explosion.h" />
		<Unit filename="include/gamestate.h" />
		<Unit filename="include/gametime.h" />
		<Unit filename="include/globals.h" />
		<Unit filename="include/input_manager.h" />
		<Unit filename="include/introstate.h" />
		<Unit filename="include/logger.h" />
		<Unit filename="include/mainstate.h" />
		<Unit filename="include/particle_engine.h" />
		<Unit filename="include/png_loader.h" />
		<Unit filename="include/powerup.h" />
		<Unit filename="include/ship.h" />
		<Unit filename="include/sound_system.h" />
		<Unit filename="include/sprite.h" />
		<Unit filename="include/star.h" />
		<Unit filename="include/texture_manager.h" />
		<Unit filename="include/util.h" />
		<Unit filename="include/vector2.h" />
		<Unit filename="include/vector2pair.h" />
		<Unit filename="include/video_system.h" />
		<Unit filename="main.cpp" />
		<Unit filename="src/animation_sequence.cpp" />
		<Unit filename="src/animations_pool.cpp" />
		<Unit filename="src/application.cpp" />
		<Unit filename="src/asteroid.cpp" />
		<Unit filename="src/bitmapfont.cpp" />
		<Unit filename="src/bullet.cpp" />
		<Unit filename="src/collision_info.cpp" />
		<Unit filename="src/explosion.cpp" />
		<Unit filename="src/gamestate.cpp" />
		<Unit filename="src/input_manager.cpp" />
		<Unit filename="src/introstate.cpp" />
		<Unit filename="src/logger.cpp" />
		<Unit filename="src/mainstate.cpp" />
		<Unit filename="src/particle_engine.cpp" />
		<Unit filename="src/png_loader.cpp" />
		<Unit filename="src/powerup.cpp" />
		<Unit filename="src/ship.cpp" />
		<Unit filename="src/sound_system.cpp" />
		<Unit filename="src/sprite.cpp" />
		<Unit filename="src/star.cpp" />
		<Unit filename="src/texture_manager.cpp" />
		<Unit filename="src/util.cpp" />
		<Unit filename="src/vector2.cpp" />
		<Unit filename="src/vector2pair.cpp" />
		<Unit filename="src/video_system.cpp" />
		<Extensions>
			<DoxyBlocks>
				<comment_style block="0" line="0" />
				<doxyfile_project />
				<doxyfile_build />
				<doxyfile_warnings />
				<doxyfile_output />
				<doxyfile_dot />
				<general />
			</DoxyBlocks>
			<envvars />
			<code_completion />
			<lib_finder disable_auto="1" />
			<debugger />
		</Extensions>
	</Project>
</CodeBlocks_project_file>
